{
  "requires": true,
  "lockfileVersion": 1,
  "dependencies": {
    "accepts": {
      "version": "1.3.5",
      "resolved": "https://registry.npmjs.org/accepts/-/accepts-1.3.5.tgz",
      "integrity": "sha1-63d99gEXI6OxTopywIBcjoZ0a9I=",
      "requires": {
        "mime-types": "2.1.18",
        "negotiator": "https://registry.npm.taobao.org/negotiator/download/negotiator-0.6.1.tgz"
      },
      "dependencies": {
        "mime-db": {
          "version": "1.33.0",
          "resolved": "https://registry.npmjs.org/mime-db/-/mime-db-1.33.0.tgz",
          "integrity": "sha512-BHJ/EKruNIqJf/QahvxwQZXKygOQ256myeN/Ew+THcAa5q+PjyTTMMeNQC4DZw5AwfvelsUrA6B67NKMqXDbzQ=="
        },
        "mime-types": {
          "version": "2.1.18",
          "resolved": "https://registry.npmjs.org/mime-types/-/mime-types-2.1.18.tgz",
          "integrity": "sha512-lc/aahn+t4/SWV/qcmumYjymLsWfN3ELhpmVuUFjgsORruuZPVSwAQryq+HHGvO/SI2KVX26bx+En+zhM8g8hQ==",
          "requires": {
            "mime-db": "1.33.0"
          }
        }
      }
    },
    "after": {
      "version": "https://registry.npm.taobao.org/after/download/after-0.8.2.tgz",
      "integrity": "sha1-/ts5T58OAqqXaOcCvaI7UF+ufh8="
    },
    "arraybuffer.slice": {
      "version": "https://registry.npm.taobao.org/arraybuffer.slice/download/arraybuffer.slice-0.0.6.tgz",
      "integrity": "sha1-8zshWfBTKj8xB6JywMz70a0peco="
    },
    "async": {
      "version": "2.1.4",
      "resolved": "https://registry.npmjs.org/async/-/async-2.1.4.tgz",
      "integrity": "sha1-LSFgx3iAMuTdbL4lAvH5osj2zeQ=",
      "requires": {
        "lodash": "4.17.5"
      }
    },
    "async-limiter": {
      "version": "1.0.0",
      "resolved": "https://registry.npmjs.org/async-limiter/-/async-limiter-1.0.0.tgz",
      "integrity": "sha512-jp/uFnooOiO+L211eZOoSyzpOITMXx1rBITauYykG3BRYPu8h0UcxsPNB04RR5vo4Tyz3+ay17tR6JVf9qzYWg=="
    },
    "backo2": {
      "version": "https://registry.npm.taobao.org/backo2/download/backo2-1.0.2.tgz",
      "integrity": "sha1-MasayLEpNjRj41s+u2n038+6eUc="
    },
    "base64-arraybuffer": {
      "version": "https://registry.npm.taobao.org/base64-arraybuffer/download/base64-arraybuffer-0.1.5.tgz",
      "integrity": "sha1-c5JncZI7Whl0etZmqlzUv5xunOg="
    },
    "base64id": {
      "version": "https://registry.npm.taobao.org/base64id/download/base64id-1.0.0.tgz",
      "integrity": "sha1-R2iMuZu2gE8OBtPnY7HDLlfY5rY="
    },
    "better-assert": {
      "version": "https://registry.npm.taobao.org/better-assert/download/better-assert-1.0.2.tgz",
      "integrity": "sha1-QIZrnhueC1W0gYlDEeaPr/rrxSI=",
      "requires": {
        "callsite": "https://registry.npm.taobao.org/callsite/download/callsite-1.0.0.tgz"
      }
    },
    "blob": {
      "version": "https://registry.npm.taobao.org/blob/download/blob-0.0.4.tgz",
      "integrity": "sha1-vPEwUspURj8w+fx+lbmkdjCpSSE="
    },
    "bluebird": {
      "version": "3.5.0",
      "resolved": "https://registry.npmjs.org/bluebird/-/bluebird-3.5.0.tgz",
      "integrity": "sha1-eRQg1/VR7qKJdFOop3ZT+WYG1nw="
    },
    "bson": {
      "version": "1.0.6",
      "resolved": "https://registry.npmjs.org/bson/-/bson-1.0.6.tgz",
      "integrity": "sha512-D8zmlb46xfuK2gGvKmUjIklQEouN2nQ0LEHHeZ/NoHM2LDiMk2EYzZ5Ntw/Urk+bgMDosOZxaRzXxvhI5TcAVQ=="
    },
    "callsite": {
      "version": "https://registry.npm.taobao.org/callsite/download/callsite-1.0.0.tgz",
      "integrity": "sha1-KAOY5dZkvXQDi28JBRU+borxvCA="
    },
    "component-bind": {
      "version": "https://registry.npm.taobao.org/component-bind/download/component-bind-1.0.0.tgz",
      "integrity": "sha1-AMYIq33Nk4l8AAllGx06jh5zu9E="
    },
    "component-emitter": {
      "version": "https://registry.npm.taobao.org/component-emitter/download/component-emitter-1.2.1.tgz",
      "integrity": "sha1-E3kY1teCg/ffemt8WmPhQOaUJeY="
    },
    "component-inherit": {
      "version": "https://registry.npm.taobao.org/component-inherit/download/component-inherit-0.0.3.tgz",
      "integrity": "sha1-ZF/ErfWLcrZJ1crmUTVhnbJv8UM="
    },
    "cookie": {
      "version": "https://registry.npm.taobao.org/cookie/download/cookie-0.3.1.tgz",
      "integrity": "sha1-5+Ch+e9DtMi6klxcWpboBtFoc7s="
    },
    "debug": {
      "version": "https://registry.npm.taobao.org/debug/download/debug-2.6.9.tgz",
      "integrity": "sha1-XRKFFd8TT/Mn6QpMk/Tgd6U2NB8=",
      "requires": {
        "ms": "https://registry.npm.taobao.org/ms/download/ms-2.0.0.tgz"
      }
    },
    "double-ended-queue": {
      "version": "2.1.0-0",
      "resolved": "https://registry.npmjs.org/double-ended-queue/-/double-ended-queue-2.1.0-0.tgz",
      "integrity": "sha1-ED01J/0xUo9AGIEwyEHv3XgmTlw="
    },
    "engine.io": {
      "version": "3.2.0",
      "resolved": "https://registry.npmjs.org/engine.io/-/engine.io-3.2.0.tgz",
      "integrity": "sha512-mRbgmAtQ4GAlKwuPnnAvXXwdPhEx+jkc0OBCLrXuD/CRvwNK3AxRSnqK4FSqmAMRRHryVJP8TopOvmEaA64fKw==",
      "requires": {
        "accepts": "1.3.5",
        "base64id": "https://registry.npm.taobao.org/base64id/download/base64id-1.0.0.tgz",
        "cookie": "https://registry.npm.taobao.org/cookie/download/cookie-0.3.1.tgz",
        "debug": "3.1.0",
        "engine.io-parser": "https://registry.npm.taobao.org/engine.io-parser/download/engine.io-parser-2.1.1.tgz",
        "ws": "3.3.3"
      },
      "dependencies": {
        "accepts": {
          "version": "1.3.5",
          "resolved": "https://registry.npmjs.org/accepts/-/accepts-1.3.5.tgz",
          "integrity": "sha1-63d99gEXI6OxTopywIBcjoZ0a9I=",
          "requires": {
            "mime-types": "2.1.18",
            "negotiator": "https://registry.npm.taobao.org/negotiator/download/negotiator-0.6.1.tgz"
          }
        },
        "debug": {
          "version": "3.1.0",
          "resolved": "https://registry.npmjs.org/debug/-/debug-3.1.0.tgz",
          "integrity": "sha512-OX8XqP7/1a9cqkxYw2yXss15f26NKWBpDXQd0/uK/KPqdQhxbPa994hnzjcE2VqQpDslf55723cKPUOGSmMY3g==",
          "requires": {
            "ms": "https://registry.npm.taobao.org/ms/download/ms-2.0.0.tgz"
          }
        },
        "mime-db": {
          "version": "1.33.0",
          "resolved": "https://registry.npmjs.org/mime-db/-/mime-db-1.33.0.tgz",
          "integrity": "sha512-BHJ/EKruNIqJf/QahvxwQZXKygOQ256myeN/Ew+THcAa5q+PjyTTMMeNQC4DZw5AwfvelsUrA6B67NKMqXDbzQ=="
        },
        "mime-types": {
          "version": "2.1.18",
          "resolved": "https://registry.npmjs.org/mime-types/-/mime-types-2.1.18.tgz",
          "integrity": "sha512-lc/aahn+t4/SWV/qcmumYjymLsWfN3ELhpmVuUFjgsORruuZPVSwAQryq+HHGvO/SI2KVX26bx+En+zhM8g8hQ==",
          "requires": {
            "mime-db": "1.33.0"
          }
        },
        "safe-buffer": {
          "version": "5.1.1",
          "resolved": "https://registry.npmjs.org/safe-buffer/-/safe-buffer-5.1.1.tgz",
          "integrity": "sha512-kKvNJn6Mm93gAczWVJg7wH+wGYWNrDHdWvpUmHyEsgCtIwwo3bqPtV4tR5tuPaUhTOo/kvhVwd8XwwOllGYkbg=="
        },
        "ws": {
          "version": "3.3.3",
          "resolved": "https://registry.npmjs.org/ws/-/ws-3.3.3.tgz",
          "integrity": "sha512-nnWLa/NwZSt4KQJu51MYlCcSQ5g7INpOrOMt4XV8j4dqTXdmlUmSHQ8/oLC069ckre0fRsgfvsKwbTdtKLCDkA==",
          "requires": {
            "async-limiter": "1.0.0",
            "safe-buffer": "5.1.1",
            "ultron": "https://registry.npm.taobao.org/ultron/download/ultron-1.1.0.tgz"
          }
        }
      }
    },
    "engine.io-client": {
      "version": "3.2.1",
      "resolved": "https://registry.npmjs.org/engine.io-client/-/engine.io-client-3.2.1.tgz",
      "integrity": "sha512-y5AbkytWeM4jQr7m/koQLc5AxpRKC1hEVUb/s1FUAWEJq5AzJJ4NLvzuKPuxtDi5Mq755WuDvZ6Iv2rXj4PTzw==",
      "requires": {
        "component-emitter": "https://registry.npm.taobao.org/component-emitter/download/component-emitter-1.2.1.tgz",
        "component-inherit": "https://registry.npm.taobao.org/component-inherit/download/component-inherit-0.0.3.tgz",
        "debug": "3.1.0",
        "engine.io-parser": "https://registry.npm.taobao.org/engine.io-parser/download/engine.io-parser-2.1.1.tgz",
        "has-cors": "https://registry.npm.taobao.org/has-cors/download/has-cors-1.1.0.tgz",
        "indexof": "https://registry.npm.taobao.org/indexof/download/indexof-0.0.1.tgz",
        "parseqs": "https://registry.npm.taobao.org/parseqs/download/parseqs-0.0.5.tgz",
        "parseuri": "https://registry.npm.taobao.org/parseuri/download/parseuri-0.0.5.tgz",
        "ws": "3.3.3",
        "xmlhttprequest-ssl": "https://registry.npm.taobao.org/xmlhttprequest-ssl/download/xmlhttprequest-ssl-1.5.4.tgz",
        "yeast": "https://registry.npm.taobao.org/yeast/download/yeast-0.1.2.tgz"
      },
      "dependencies": {
        "debug": {
          "version": "3.1.0",
          "resolved": "https://registry.npmjs.org/debug/-/debug-3.1.0.tgz",
          "integrity": "sha512-OX8XqP7/1a9cqkxYw2yXss15f26NKWBpDXQd0/uK/KPqdQhxbPa994hnzjcE2VqQpDslf55723cKPUOGSmMY3g==",
          "requires": {
            "ms": "https://registry.npm.taobao.org/ms/download/ms-2.0.0.tgz"
          }
        },
        "safe-buffer": {
          "version": "5.1.1",
          "resolved": "https://registry.npmjs.org/safe-buffer/-/safe-buffer-5.1.1.tgz",
          "integrity": "sha512-kKvNJn6Mm93gAczWVJg7wH+wGYWNrDHdWvpUmHyEsgCtIwwo3bqPtV4tR5tuPaUhTOo/kvhVwd8XwwOllGYkbg=="
        },
        "ws": {
          "version": "3.3.3",
          "resolved": "https://registry.npmjs.org/ws/-/ws-3.3.3.tgz",
          "integrity": "sha512-nnWLa/NwZSt4KQJu51MYlCcSQ5g7INpOrOMt4XV8j4dqTXdmlUmSHQ8/oLC069ckre0fRsgfvsKwbTdtKLCDkA==",
          "requires": {
            "async-limiter": "1.0.0",
            "safe-buffer": "5.1.1",
            "ultron": "https://registry.npm.taobao.org/ultron/download/ultron-1.1.0.tgz"
          }
        }
      }
    },
    "engine.io-parser": {
      "version": "https://registry.npm.taobao.org/engine.io-parser/download/engine.io-parser-2.1.1.tgz",
      "integrity": "sha1-4Ps/DgRi9/WLt3waUun1p+JuRmg=",
      "requires": {
        "after": "https://registry.npm.taobao.org/after/download/after-0.8.2.tgz",
        "arraybuffer.slice": "https://registry.npm.taobao.org/arraybuffer.slice/download/arraybuffer.slice-0.0.6.tgz",
        "base64-arraybuffer": "https://registry.npm.taobao.org/base64-arraybuffer/download/base64-arraybuffer-0.1.5.tgz",
        "blob": "https://registry.npm.taobao.org/blob/download/blob-0.0.4.tgz",
        "has-binary2": "https://registry.npm.taobao.org/has-binary2/download/has-binary2-1.0.2.tgz"
      }
    },
    "has-binary2": {
      "version": "https://registry.npm.taobao.org/has-binary2/download/has-binary2-1.0.2.tgz",
      "integrity": "sha1-6D26SfC5vk0CbSc2U1DZ8D9Uvpg=",
      "requires": {
        "isarray": "https://registry.npm.taobao.org/isarray/download/isarray-2.0.1.tgz"
      }
    },
    "has-cors": {
      "version": "https://registry.npm.taobao.org/has-cors/download/has-cors-1.1.0.tgz",
      "integrity": "sha1-XkdHk/fqmEPRu5nCPu9J/xJv/zk="
    },
    "indexof": {
      "version": "https://registry.npm.taobao.org/indexof/download/indexof-0.0.1.tgz",
      "integrity": "sha1-gtwzbSMrkGIXnQWrMpOmYFn9Q10="
    },
    "isarray": {
      "version": "https://registry.npm.taobao.org/isarray/download/isarray-2.0.1.tgz",
      "integrity": "sha1-o32U7ZzaLVmGXJ92/llu4fM4dB4="
    },
    "kareem": {
      "version": "2.0.6",
      "resolved": "https://registry.npmjs.org/kareem/-/kareem-2.0.6.tgz",
      "integrity": "sha512-/C+l8gABdHsAIfNpykJNWmYodpTnDRyn+JhORkP2VgEf1GgdAc+oTHjVADwISwCJKta031EOIwY6+Hki5z8SpQ=="
    },
    "lodash": {
      "version": "4.17.5",
      "resolved": "https://registry.npmjs.org/lodash/-/lodash-4.17.5.tgz",
      "integrity": "sha512-svL3uiZf1RwhH+cWrfZn3A4+U58wbP0tGVTLQPbjplZxZ8ROD9VLuNgsRniTlLe7OlSqR79RUehXgpBW/s0IQw=="
    },
    "lodash.get": {
      "version": "4.4.2",
      "resolved": "https://registry.npmjs.org/lodash.get/-/lodash.get-4.4.2.tgz",
      "integrity": "sha1-LRd/ZS+jHpObRDjVNBSZ36OCXpk="
    },
    "mime-db": {
      "version": "https://registry.npm.taobao.org/mime-db/download/mime-db-1.30.0.tgz",
      "integrity": "sha1-dMZD2i3Z1qRTmZY0ZbJtXKfXHwE="
    },
    "mime-types": {
      "version": "2.1.18",
      "resolved": "https://registry.npmjs.org/mime-types/-/mime-types-2.1.18.tgz",
      "integrity": "sha512-lc/aahn+t4/SWV/qcmumYjymLsWfN3ELhpmVuUFjgsORruuZPVSwAQryq+HHGvO/SI2KVX26bx+En+zhM8g8hQ==",
      "requires": {
        "mime-db": "1.33.0"
      },
      "dependencies": {
        "mime-db": {
          "version": "1.33.0",
          "resolved": "https://registry.npmjs.org/mime-db/-/mime-db-1.33.0.tgz",
          "integrity": "sha512-BHJ/EKruNIqJf/QahvxwQZXKygOQ256myeN/Ew+THcAa5q+PjyTTMMeNQC4DZw5AwfvelsUrA6B67NKMqXDbzQ=="
        }
      }
    },
    "mongodb": {
      "version": "3.0.4",
      "resolved": "https://registry.npmjs.org/mongodb/-/mongodb-3.0.4.tgz",
      "integrity": "sha512-90YIIs7A4ko4kCGafxxXj3foexCAlJBC0YLwwIKgSLoE7Vni2IqUMz6HSsZ3zbXOfR1KWtxfnc0RyAMAY/ViLg==",
      "requires": {
        "mongodb-core": "3.0.4"
      }
    },
    "mongodb-core": {
      "version": "3.0.4",
      "resolved": "https://registry.npmjs.org/mongodb-core/-/mongodb-core-3.0.4.tgz",
      "integrity": "sha512-OTH267FjfwBdEufSnrgd+u8HuLWRuQ6p8DR0XirPl2BdlLEMh4XwjJf1RTlruILp5p2m1w8dDC8rCxibC3W8qQ==",
      "requires": {
        "bson": "1.0.6",
        "require_optional": "1.0.1"
      }
    },
    "mongoose": {
      "version": "5.0.12",
      "resolved": "https://registry.npmjs.org/mongoose/-/mongoose-5.0.12.tgz",
      "integrity": "sha512-V0B9vXdT/hYw24OrlgoQ9pilL+oeIwh9tOPSh58m+fhcMd4Wkgc+ySxaU6QRC8WuQb9E/N4nyNnTqyOw0OQR8w==",
      "requires": {
        "async": "2.1.4",
        "bson": "1.0.6",
        "kareem": "2.0.6",
        "lodash.get": "4.4.2",
        "mongodb": "3.0.4",
        "mongoose-legacy-pluralize": "1.0.2",
        "mpath": "0.3.0",
        "mquery": "3.0.0",
        "ms": "https://registry.npm.taobao.org/ms/download/ms-2.0.0.tgz",
        "regexp-clone": "0.0.1",
        "sliced": "1.0.1"
      }
    },
    "mongoose-legacy-pluralize": {
      "version": "1.0.2",
      "resolved": "https://registry.npmjs.org/mongoose-legacy-pluralize/-/mongoose-legacy-pluralize-1.0.2.tgz",
      "integrity": "sha512-Yo/7qQU4/EyIS8YDFSeenIvXxZN+ld7YdV9LqFVQJzTLye8unujAWPZ4NWKfFA+RNjh+wvTWKY9Z3E5XM6ZZiQ=="
    },
    "mpath": {
      "version": "0.3.0",
      "resolved": "https://registry.npmjs.org/mpath/-/mpath-0.3.0.tgz",
      "integrity": "sha1-elj3iem1/TyUUgY0FXlg8mvV70Q="
    },
    "mquery": {
      "version": "3.0.0",
      "resolved": "https://registry.npmjs.org/mquery/-/mquery-3.0.0.tgz",
      "integrity": "sha512-WL1Lk8v4l8VFSSwN3yCzY9TXw+fKVYKn6f+w86TRzOLSE8k1yTgGaLBPUByJQi8VcLbOdnUneFV/y3Kv874pnQ==",
      "requires": {
        "bluebird": "3.5.0",
        "debug": "https://registry.npm.taobao.org/debug/download/debug-2.6.9.tgz",
        "regexp-clone": "0.0.1",
        "sliced": "0.0.5"
      },
      "dependencies": {
        "sliced": {
          "version": "0.0.5",
          "resolved": "https://registry.npmjs.org/sliced/-/sliced-0.0.5.tgz",
          "integrity": "sha1-XtwETKTrb3gW1Qui/GPiXY/kcH8="
        }
      }
    },
    "ms": {
      "version": "https://registry.npm.taobao.org/ms/download/ms-2.0.0.tgz",
      "integrity": "sha1-VgiurfwAvmwpAd9fmGF4jeDVl8g="
    },
    "negotiator": {
      "version": "https://registry.npm.taobao.org/negotiator/download/negotiator-0.6.1.tgz",
      "integrity": "sha1-KzJxhOiZIQEXeyhWP7XnECrNDKk="
    },
    "object-assign": {
      "version": "https://registry.npm.taobao.org/object-assign/download/object-assign-4.1.1.tgz",
      "integrity": "sha1-IQmtx5ZYh8/AXLvUQsrIv7s2CGM="
    },
    "object-component": {
      "version": "https://registry.npm.taobao.org/object-component/download/object-component-0.0.3.tgz",
      "integrity": "sha1-8MaapQ78lbhmwYb0AKM3acsvEpE="
    },
    "parseqs": {
      "version": "https://registry.npm.taobao.org/parseqs/download/parseqs-0.0.5.tgz",
      "integrity": "sha1-1SCKNzjkZ2bikbouoXNoSSGouJ0=",
      "requires": {
        "better-assert": "https://registry.npm.taobao.org/better-assert/download/better-assert-1.0.2.tgz"
      }
    },
    "parseuri": {
      "version": "https://registry.npm.taobao.org/parseuri/download/parseuri-0.0.5.tgz",
      "integrity": "sha1-gCBKUNTbt3m/3G6+J3jZDkvOMgo=",
      "requires": {
        "better-assert": "https://registry.npm.taobao.org/better-assert/download/better-assert-1.0.2.tgz"
      }
    },
    "redis": {
      "version": "2.8.0",
      "resolved": "https://registry.npmjs.org/redis/-/redis-2.8.0.tgz",
      "integrity": "sha512-M1OkonEQwtRmZv4tEWF2VgpG0JWJ8Fv1PhlgT5+B+uNq2cA3Rt1Yt/ryoR+vQNOQcIEgdCdfH0jr3bDpihAw1A==",
      "requires": {
        "double-ended-queue": "2.1.0-0",
        "redis-commands": "1.3.5",
        "redis-parser": "2.6.0"
      }
    },
    "redis-commands": {
      "version": "1.3.5",
      "resolved": "https://registry.npmjs.org/redis-commands/-/redis-commands-1.3.5.tgz",
      "integrity": "sha512-foGF8u6MXGFF++1TZVC6icGXuMYPftKXt1FBT2vrfU9ZATNtZJ8duRC5d1lEfE8hyVe3jhelHGB91oB7I6qLsA=="
    },
    "redis-parser": {
      "version": "2.6.0",
      "resolved": "https://registry.npmjs.org/redis-parser/-/redis-parser-2.6.0.tgz",
      "integrity": "sha1-Uu0J2srBCPGmMcB+m2mUHnoZUEs="
    },
    "regexp-clone": {
      "version": "0.0.1",
      "resolved": "https://registry.npmjs.org/regexp-clone/-/regexp-clone-0.0.1.tgz",
      "integrity": "sha1-p8LgmJH9vzj7sQ03b7cwA+aKxYk="
    },
    "require_optional": {
      "version": "1.0.1",
      "resolved": "https://registry.npmjs.org/require_optional/-/require_optional-1.0.1.tgz",
      "integrity": "sha512-qhM/y57enGWHAe3v/NcwML6a3/vfESLe/sGM2dII+gEO0BpKRUkWZow/tyloNqJyN6kXSl3RyyM8Ll5D/sJP8g==",
      "requires": {
        "resolve-from": "2.0.0",
        "semver": "5.5.0"
      }
    },
    "resolve-from": {
      "version": "2.0.0",
      "resolved": "https://registry.npmjs.org/resolve-from/-/resolve-from-2.0.0.tgz",
      "integrity": "sha1-lICrIOlP+h2egKgEx+oUdhGWa1c="
    },
    "safe-buffer": {
      "version": "https://registry.npm.taobao.org/safe-buffer/download/safe-buffer-5.0.1.tgz",
      "integrity": "sha1-0mPKVGls2KMGtcplUekt5XkY++c="
    },
    "semver": {
      "version": "5.5.0",
      "resolved": "https://registry.npmjs.org/semver/-/semver-5.5.0.tgz",
      "integrity": "sha512-4SJ3dm0WAwWy/NVeioZh5AntkdJoWKxHxcmyP622fOkgHa4z3R0TdBJICINyaSDE6uNwVc8gZr+ZinwZAH4xIA=="
    },
    "sliced": {
      "version": "1.0.1",
      "resolved": "https://registry.npmjs.org/sliced/-/sliced-1.0.1.tgz",
      "integrity": "sha1-CzpmK10Ewxd7GSa+qCsD+Dei70E="
    },
    "socket.io": {
      "version": "2.1.0",
      "resolved": "https://registry.npmjs.org/socket.io/-/socket.io-2.1.0.tgz",
      "integrity": "sha512-KS+3CNWWNtLbVN5j0/B+1hjxRzey+oTK6ejpAOoxMZis6aXeB8cUtfuvjHl97tuZx+t/qD/VyqFMjuzu2Js6uQ==",
      "requires": {
        "debug": "3.1.0",
        "engine.io": "3.2.0",
        "has-binary2": "https://registry.npm.taobao.org/has-binary2/download/has-binary2-1.0.2.tgz",
        "socket.io-adapter": "https://registry.npm.taobao.org/socket.io-adapter/download/socket.io-adapter-1.1.1.tgz",
        "socket.io-client": "2.1.0",
        "socket.io-parser": "3.2.0"
      },
      "dependencies": {
        "accepts": {
          "version": "1.3.5",
          "resolved": "https://registry.npmjs.org/accepts/-/accepts-1.3.5.tgz",
          "integrity": "sha1-63d99gEXI6OxTopywIBcjoZ0a9I=",
          "requires": {
            "mime-types": "2.1.18",
            "negotiator": "https://registry.npm.taobao.org/negotiator/download/negotiator-0.6.1.tgz"
          }
        },
        "debug": {
          "version": "3.1.0",
          "resolved": "https://registry.npmjs.org/debug/-/debug-3.1.0.tgz",
          "integrity": "sha512-OX8XqP7/1a9cqkxYw2yXss15f26NKWBpDXQd0/uK/KPqdQhxbPa994hnzjcE2VqQpDslf55723cKPUOGSmMY3g==",
          "requires": {
            "ms": "https://registry.npm.taobao.org/ms/download/ms-2.0.0.tgz"
          }
        },
        "engine.io": {
          "version": "3.2.0",
          "resolved": "https://registry.npmjs.org/engine.io/-/engine.io-3.2.0.tgz",
          "integrity": "sha512-mRbgmAtQ4GAlKwuPnnAvXXwdPhEx+jkc0OBCLrXuD/CRvwNK3AxRSnqK4FSqmAMRRHryVJP8TopOvmEaA64fKw==",
          "requires": {
            "accepts": "1.3.5",
            "base64id": "https://registry.npm.taobao.org/base64id/download/base64id-1.0.0.tgz",
            "cookie": "https://registry.npm.taobao.org/cookie/download/cookie-0.3.1.tgz",
            "debug": "3.1.0",
            "engine.io-parser": "https://registry.npm.taobao.org/engine.io-parser/download/engine.io-parser-2.1.1.tgz",
            "ws": "3.3.3"
          }
        },
        "engine.io-client": {
          "version": "3.2.1",
          "resolved": "https://registry.npmjs.org/engine.io-client/-/engine.io-client-3.2.1.tgz",
          "integrity": "sha512-y5AbkytWeM4jQr7m/koQLc5AxpRKC1hEVUb/s1FUAWEJq5AzJJ4NLvzuKPuxtDi5Mq755WuDvZ6Iv2rXj4PTzw==",
          "requires": {
            "component-emitter": "https://registry.npm.taobao.org/component-emitter/download/component-emitter-1.2.1.tgz",
            "component-inherit": "https://registry.npm.taobao.org/component-inherit/download/component-inherit-0.0.3.tgz",
            "debug": "3.1.0",
            "engine.io-parser": "https://registry.npm.taobao.org/engine.io-parser/download/engine.io-parser-2.1.1.tgz",
            "has-cors": "https://registry.npm.taobao.org/has-cors/download/has-cors-1.1.0.tgz",
            "indexof": "https://registry.npm.taobao.org/indexof/download/indexof-0.0.1.tgz",
            "parseqs": "https://registry.npm.taobao.org/parseqs/download/parseqs-0.0.5.tgz",
            "parseuri": "https://registry.npm.taobao.org/parseuri/download/parseuri-0.0.5.tgz",
            "ws": "3.3.3",
            "xmlhttprequest-ssl": "https://registry.npm.taobao.org/xmlhttprequest-ssl/download/xmlhttprequest-ssl-1.5.4.tgz",
            "yeast": "https://registry.npm.taobao.org/yeast/download/yeast-0.1.2.tgz"
          }
        },
        "mime-db": {
          "version": "1.33.0",
          "resolved": "https://registry.npmjs.org/mime-db/-/mime-db-1.33.0.tgz",
          "integrity": "sha512-BHJ/EKruNIqJf/QahvxwQZXKygOQ256myeN/Ew+THcAa5q+PjyTTMMeNQC4DZw5AwfvelsUrA6B67NKMqXDbzQ=="
        },
        "mime-types": {
          "version": "2.1.18",
          "resolved": "https://registry.npmjs.org/mime-types/-/mime-types-2.1.18.tgz",
          "integrity": "sha512-lc/aahn+t4/SWV/qcmumYjymLsWfN3ELhpmVuUFjgsORruuZPVSwAQryq+HHGvO/SI2KVX26bx+En+zhM8g8hQ==",
          "requires": {
            "mime-db": "1.33.0"
          }
        },
        "safe-buffer": {
          "version": "5.1.1",
          "resolved": "https://registry.npmjs.org/safe-buffer/-/safe-buffer-5.1.1.tgz",
          "integrity": "sha512-kKvNJn6Mm93gAczWVJg7wH+wGYWNrDHdWvpUmHyEsgCtIwwo3bqPtV4tR5tuPaUhTOo/kvhVwd8XwwOllGYkbg=="
        },
        "socket.io-client": {
          "version": "2.1.0",
          "resolved": "https://registry.npmjs.org/socket.io-client/-/socket.io-client-2.1.0.tgz",
          "integrity": "sha512-TvKPpL0cBON5LduQfR8Rxrr+ktj70bLXGvqHCL3er5avBXruB3gpnbaud5ikFYVfANH1gCABAvo0qN8Axpg2ew==",
          "requires": {
            "backo2": "https://registry.npm.taobao.org/backo2/download/backo2-1.0.2.tgz",
            "base64-arraybuffer": "https://registry.npm.taobao.org/base64-arraybuffer/download/base64-arraybuffer-0.1.5.tgz",
            "component-bind": "https://registry.npm.taobao.org/component-bind/download/component-bind-1.0.0.tgz",
            "component-emitter": "https://registry.npm.taobao.org/component-emitter/download/component-emitter-1.2.1.tgz",
            "debug": "3.1.0",
            "engine.io-client": "3.2.1",
            "has-binary2": "https://registry.npm.taobao.org/has-binary2/download/has-binary2-1.0.2.tgz",
            "has-cors": "https://registry.npm.taobao.org/has-cors/download/has-cors-1.1.0.tgz",
            "indexof": "https://registry.npm.taobao.org/indexof/download/indexof-0.0.1.tgz",
            "object-component": "https://registry.npm.taobao.org/object-component/download/object-component-0.0.3.tgz",
            "parseqs": "https://registry.npm.taobao.org/parseqs/download/parseqs-0.0.5.tgz",
            "parseuri": "https://registry.npm.taobao.org/parseuri/download/parseuri-0.0.5.tgz",
            "socket.io-parser": "3.2.0",
            "to-array": "https://registry.npm.taobao.org/to-array/download/to-array-0.1.4.tgz"
          }
        },
        "socket.io-parser": {
          "version": "3.2.0",
          "resolved": "https://registry.npmjs.org/socket.io-parser/-/socket.io-parser-3.2.0.tgz",
          "integrity": "sha512-FYiBx7rc/KORMJlgsXysflWx/RIvtqZbyGLlHZvjfmPTPeuD/I8MaW7cfFrj5tRltICJdgwflhfZ3NVVbVLFQA==",
          "requires": {
            "component-emitter": "https://registry.npm.taobao.org/component-emitter/download/component-emitter-1.2.1.tgz",
            "debug": "3.1.0",
            "isarray": "https://registry.npm.taobao.org/isarray/download/isarray-2.0.1.tgz"
          }
        },
        "ws": {
          "version": "3.3.3",
          "resolved": "https://registry.npmjs.org/ws/-/ws-3.3.3.tgz",
          "integrity": "sha512-nnWLa/NwZSt4KQJu51MYlCcSQ5g7INpOrOMt4XV8j4dqTXdmlUmSHQ8/oLC069ckre0fRsgfvsKwbTdtKLCDkA==",
          "requires": {
            "async-limiter": "1.0.0",
            "safe-buffer": "5.1.1",
            "ultron": "https://registry.npm.taobao.org/ultron/download/ultron-1.1.0.tgz"
          }
        }
      }
    },
    "socket.io-adapter": {
      "version": "https://registry.npm.taobao.org/socket.io-adapter/download/socket.io-adapter-1.1.1.tgz",
      "integrity": "sha1-KoBeihTWNyEk3ZFZrUUC+MsH8Gs="
    },
    "socket.io-client": {
      "version": "2.1.0",
      "resolved": "https://registry.npmjs.org/socket.io-client/-/socket.io-client-2.1.0.tgz",
      "integrity": "sha512-TvKPpL0cBON5LduQfR8Rxrr+ktj70bLXGvqHCL3er5avBXruB3gpnbaud5ikFYVfANH1gCABAvo0qN8Axpg2ew==",
      "requires": {
        "backo2": "https://registry.npm.taobao.org/backo2/download/backo2-1.0.2.tgz",
        "base64-arraybuffer": "https://registry.npm.taobao.org/base64-arraybuffer/download/base64-arraybuffer-0.1.5.tgz",
        "component-bind": "https://registry.npm.taobao.org/component-bind/download/component-bind-1.0.0.tgz",
        "component-emitter": "https://registry.npm.taobao.org/component-emitter/download/component-emitter-1.2.1.tgz",
        "debug": "3.1.0",
        "engine.io-client": "3.2.1",
        "has-binary2": "https://registry.npm.taobao.org/has-binary2/download/has-binary2-1.0.2.tgz",
        "has-cors": "https://registry.npm.taobao.org/has-cors/download/has-cors-1.1.0.tgz",
        "indexof": "https://registry.npm.taobao.org/indexof/download/indexof-0.0.1.tgz",
        "object-component": "https://registry.npm.taobao.org/object-component/download/object-component-0.0.3.tgz",
        "parseqs": "https://registry.npm.taobao.org/parseqs/download/parseqs-0.0.5.tgz",
        "parseuri": "https://registry.npm.taobao.org/parseuri/download/parseuri-0.0.5.tgz",
        "socket.io-parser": "3.2.0",
        "to-array": "https://registry.npm.taobao.org/to-array/download/to-array-0.1.4.tgz"
      },
      "dependencies": {
        "debug": {
          "version": "3.1.0",
          "resolved": "https://registry.npmjs.org/debug/-/debug-3.1.0.tgz",
          "integrity": "sha512-OX8XqP7/1a9cqkxYw2yXss15f26NKWBpDXQd0/uK/KPqdQhxbPa994hnzjcE2VqQpDslf55723cKPUOGSmMY3g==",
          "requires": {
            "ms": "https://registry.npm.taobao.org/ms/download/ms-2.0.0.tgz"
          }
        },
        "engine.io-client": {
          "version": "3.2.1",
          "resolved": "https://registry.npmjs.org/engine.io-client/-/engine.io-client-3.2.1.tgz",
          "integrity": "sha512-y5AbkytWeM4jQr7m/koQLc5AxpRKC1hEVUb/s1FUAWEJq5AzJJ4NLvzuKPuxtDi5Mq755WuDvZ6Iv2rXj4PTzw==",
          "requires": {
            "component-emitter": "https://registry.npm.taobao.org/component-emitter/download/component-emitter-1.2.1.tgz",
            "component-inherit": "https://registry.npm.taobao.org/component-inherit/download/component-inherit-0.0.3.tgz",
            "debug": "3.1.0",
            "engine.io-parser": "https://registry.npm.taobao.org/engine.io-parser/download/engine.io-parser-2.1.1.tgz",
            "has-cors": "https://registry.npm.taobao.org/has-cors/download/has-cors-1.1.0.tgz",
            "indexof": "https://registry.npm.taobao.org/indexof/download/indexof-0.0.1.tgz",
            "parseqs": "https://registry.npm.taobao.org/parseqs/download/parseqs-0.0.5.tgz",
            "parseuri": "https://registry.npm.taobao.org/parseuri/download/parseuri-0.0.5.tgz",
            "ws": "3.3.3",
            "xmlhttprequest-ssl": "https://registry.npm.taobao.org/xmlhttprequest-ssl/download/xmlhttprequest-ssl-1.5.4.tgz",
            "yeast": "https://registry.npm.taobao.org/yeast/download/yeast-0.1.2.tgz"
          }
        },
        "safe-buffer": {
          "version": "5.1.1",
          "resolved": "https://registry.npmjs.org/safe-buffer/-/safe-buffer-5.1.1.tgz",
          "integrity": "sha512-kKvNJn6Mm93gAczWVJg7wH+wGYWNrDHdWvpUmHyEsgCtIwwo3bqPtV4tR5tuPaUhTOo/kvhVwd8XwwOllGYkbg=="
        },
        "socket.io-parser": {
          "version": "3.2.0",
          "resolved": "https://registry.npmjs.org/socket.io-parser/-/socket.io-parser-3.2.0.tgz",
          "integrity": "sha512-FYiBx7rc/KORMJlgsXysflWx/RIvtqZbyGLlHZvjfmPTPeuD/I8MaW7cfFrj5tRltICJdgwflhfZ3NVVbVLFQA==",
          "requires": {
            "component-emitter": "https://registry.npm.taobao.org/component-emitter/download/component-emitter-1.2.1.tgz",
            "debug": "3.1.0",
            "isarray": "https://registry.npm.taobao.org/isarray/download/isarray-2.0.1.tgz"
          }
        },
        "ws": {
          "version": "3.3.3",
          "resolved": "https://registry.npmjs.org/ws/-/ws-3.3.3.tgz",
          "integrity": "sha512-nnWLa/NwZSt4KQJu51MYlCcSQ5g7INpOrOMt4XV8j4dqTXdmlUmSHQ8/oLC069ckre0fRsgfvsKwbTdtKLCDkA==",
          "requires": {
            "async-limiter": "1.0.0",
            "safe-buffer": "5.1.1",
            "ultron": "https://registry.npm.taobao.org/ultron/download/ultron-1.1.0.tgz"
          }
        }
      }
    },
    "socket.io-parser": {
      "version": "3.2.0",
      "resolved": "https://registry.npmjs.org/socket.io-parser/-/socket.io-parser-3.2.0.tgz",
      "integrity": "sha512-FYiBx7rc/KORMJlgsXysflWx/RIvtqZbyGLlHZvjfmPTPeuD/I8MaW7cfFrj5tRltICJdgwflhfZ3NVVbVLFQA==",
      "requires": {
        "component-emitter": "https://registry.npm.taobao.org/component-emitter/download/component-emitter-1.2.1.tgz",
        "debug": "3.1.0",
        "isarray": "https://registry.npm.taobao.org/isarray/download/isarray-2.0.1.tgz"
      },
      "dependencies": {
        "debug": {
          "version": "3.1.0",
          "resolved": "https://registry.npmjs.org/debug/-/debug-3.1.0.tgz",
          "integrity": "sha512-OX8XqP7/1a9cqkxYw2yXss15f26NKWBpDXQd0/uK/KPqdQhxbPa994hnzjcE2VqQpDslf55723cKPUOGSmMY3g==",
          "requires": {
            "ms": "https://registry.npm.taobao.org/ms/download/ms-2.0.0.tgz"
          }
        }
      }
    },
    "to-array": {
      "version": "https://registry.npm.taobao.org/to-array/download/to-array-0.1.4.tgz",
      "integrity": "sha1-F+bBH3PdTz10zaek/zI46a2b+JA="
    },
    "ultron": {
      "version": "https://registry.npm.taobao.org/ultron/download/ultron-1.1.0.tgz",
      "integrity": "sha1-sHoualQagV/Go0zNRTO67DB8qGQ="
    },
    "uws": {
      "version": "https://registry.npm.taobao.org/uws/download/uws-0.14.5.tgz",
      "integrity": "sha1-Z6rzPEaypYel9mZtAPdpEyjxSdw="
    },
    "ws": {
      "version": "https://registry.npm.taobao.org/ws/download/ws-2.3.1.tgz",
      "integrity": "sha1-a5Sz5EfLajY/eF6vlK9jWejoHIA=",
      "requires": {
        "safe-buffer": "https://registry.npm.taobao.org/safe-buffer/download/safe-buffer-5.0.1.tgz",
        "ultron": "https://registry.npm.taobao.org/ultron/download/ultron-1.1.0.tgz"
      }
    },
    "xmlhttprequest-ssl": {
      "version": "https://registry.npm.taobao.org/xmlhttprequest-ssl/download/xmlhttprequest-ssl-1.5.4.tgz",
      "integrity": "sha1-BPVgkVcks4kIhxXMDteBPpZ3v1c="
    },
    "yeast": {
      "version": "https://registry.npm.taobao.org/yeast/download/yeast-0.1.2.tgz",
      "integrity": "sha1-AI4G2AlDIMNy28L47XagymyKxBk="
    }
  }
}
